
Microsoft Visual Studio Solution File, Format Version 12.00
# Visual Studio Version 16
VisualStudioVersion = 16.0.31205.134
MinimumVisualStudioVersion = 10.0.40219.1
Project("{9A19103F-16F7-4668-BE54-9A1E7A4F7556}") = "sale-API", "sale-API\sale-API.csproj", "{D384DFAC-5758-434D-AE3E-AEC19F8CF19B}"
EndProject
Project("{FAE04EC0-301F-11D3-BF4B-00C04F79EFBC}") = "sale-API.Acceptance.Test", "sale-API.Acceptance.Test\sale-API.Acceptance.Test.csproj", "{5373E8AC-CA17-4D51-AD1C-AFECB59CD6D6}"
EndProject
Global
	GlobalSection(SolutionConfigurationPlatforms) = preSolution
		Debug|Any CPU = Debug|Any CPU
		Release|Any CPU = Release|Any CPU
	EndGlobalSection
	GlobalSection(ProjectConfigurationPlatforms) = postSolution
		{D384DFAC-5758-434D-AE3E-AEC19F8CF19B}.Debug|Any CPU.ActiveCfg = Debug|Any CPU
		{D384DFAC-5758-434D-AE3E-AEC19F8CF19B}.Debug|Any CPU.Build.0 = Debug|Any CPU
		{D384DFAC-5758-434D-AE3E-AEC19F8CF19B}.Release|Any CPU.ActiveCfg = Release|Any CPU
		{D384DFAC-5758-434D-AE3E-AEC19F8CF19B}.Release|Any CPU.Build.0 = Release|Any CPU
		{5373E8AC-CA17-4D51-AD1C-AFECB59CD6D6}.Debug|Any CPU.ActiveCfg = Debug|Any CPU
		{5373E8AC-CA17-4D51-AD1C-AFECB59CD6D6}.Debug|Any CPU.Build.0 = Debug|Any CPU
		{5373E8AC-CA17-4D51-AD1C-AFECB59CD6D6}.Release|Any CPU.ActiveCfg = Release|Any CPU
		{5373E8AC-CA17-4D51-AD1C-AFECB59CD6D6}.Release|Any CPU.Build.0 = Release|Any CPU
	EndGlobalSection
	GlobalSection(SolutionProperties) = preSolution
		HideSolutionNode = FALSE
	EndGlobalSection
	GlobalSection(ExtensibilityGlobals) = postSolution
		SolutionGuid = {1DE032DE-6345-45F1-B748-2FE3BA1ECF1F}
	EndGlobalSection
EndGlobal
